// !$*UTF8*$!
{
	archiveVersion = 1;
	classes = {
	};
	objectVersion = 48;
	objects = {

/* Begin PBXBuildFile section */
		8C2A76711F94C62D0024E660 /* ViewController.m in Sources */ = {isa = PBXBuildFile; fileRef = 8C2A76701F94C62D0024E660 /* ViewController.m */; };
		8C2A76751F94E5D60024E660 /* DetectingPlanesViewController.m in Sources */ = {isa = PBXBuildFile; fileRef = 8C2A76741F94E5D60024E660 /* DetectingPlanesViewController.m */; };
		8C643E3E1F7A6F280085A542 /* AppDelegate.m in Sources */ = {isa = PBXBuildFile; fileRef = 8C643E3D1F7A6F280085A542 /* AppDelegate.m */; };
		8C643E401F7A6F280085A542 /* art.scnassets in Resources */ = {isa = PBXBuildFile; fileRef = 8C643E3F1F7A6F280085A542 /* art.scnassets */; };
		8C643E461F7A6F280085A542 /* Main.storyboard in Resources */ = {isa = PBXBuildFile; fileRef = 8C643E441F7A6F280085A542 /* Main.storyboard */; };
		8C643E481F7A6F280085A542 /* Assets.xcassets in Resources */ = {isa = PBXBuildFile; fileRef = 8C643E471F7A6F280085A542 /* Assets.xcassets */; };
		8C643E4B1F7A6F280085A542 /* LaunchScreen.storyboard in Resources */ = {isa = PBXBuildFile; fileRef = 8C643E491F7A6F280085A542 /* LaunchScreen.storyboard */; };
		8C643E4E1F7A6F280085A542 /* main.m in Sources */ = {isa = PBXBuildFile; fileRef = 8C643E4D1F7A6F280085A542 /* main.m */; };
		8C643E561F7A80A10085A542 /* SimpleBoxViewController.m in Sources */ = {isa = PBXBuildFile; fileRef = 8C643E551F7A80A10085A542 /* SimpleBoxViewController.m */; };
		8C643E591F7A8A950085A542 /* DisplayingTextViewController.m in Sources */ = {isa = PBXBuildFile; fileRef = 8C643E581F7A8A950085A542 /* DisplayingTextViewController.m */; };
		8C643E5C1F7A913C0085A542 /* MultipleObjectsViewController.m in Sources */ = {isa = PBXBuildFile; fileRef = 8C643E5B1F7A913C0085A542 /* MultipleObjectsViewController.m */; };
		8C643E621F7A956C0085A542 /* bricks.jpeg in Resources */ = {isa = PBXBuildFile; fileRef = 8C643E601F7A948A0085A542 /* bricks.jpeg */; };
		8C643E631F7A956C0085A542 /* earth.jpg in Resources */ = {isa = PBXBuildFile; fileRef = 8C643E611F7A94A20085A542 /* earth.jpg */; };
		8C643E6B1F7A97030085A542 /* SimpleBoxWithTouchViewController.m in Sources */ = {isa = PBXBuildFile; fileRef = 8C643E6A1F7A97030085A542 /* SimpleBoxWithTouchViewController.m */; };
/* End PBXBuildFile section */

/* Begin PBXFileReference section */
		8C2A766F1F94C6260024E660 /* ViewController.h */ = {isa = PBXFileReference; lastKnownFileType = sourcecode.c.h; path = ViewController.h; sourceTree = "<group>"; };
		8C2A76701F94C62D0024E660 /* ViewController.m */ = {isa = PBXFileReference; lastKnownFileType = sourcecode.c.objc; path = ViewController.m; sourceTree = "<group>"; };
		8C2A76731F94E5D60024E660 /* DetectingPlanesViewController.h */ = {isa = PBXFileReference; lastKnownFileType = sourcecode.c.h; path = DetectingPlanesViewController.h; sourceTree = "<group>"; };
		8C2A76741F94E5D60024E660 /* DetectingPlanesViewController.m */ = {isa = PBXFileReference; lastKnownFileType = sourcecode.c.objc; path = DetectingPlanesViewController.m; sourceTree = "<group>"; };
		8C643E391F7A6F280085A542 /* ARKit Tutorials.app */ = {isa = PBXFileReference; explicitFileType = wrapper.application; includeInIndex = 0; path = "ARKit Tutorials.app"; sourceTree = BUILT_PRODUCTS_DIR; };
		8C643E3C1F7A6F280085A542 /* AppDelegate.h */ = {isa = PBXFileReference; lastKnownFileType = sourcecode.c.h; path = AppDelegate.h; sourceTree = "<group>"; };
		8C643E3D1F7A6F280085A542 /* AppDelegate.m */ = {isa = PBXFileReference; lastKnownFileType = sourcecode.c.objc; path = AppDelegate.m; sourceTree = "<group>"; };
		8C643E3F1F7A6F280085A542 /* art.scnassets */ = {isa = PBXFileReference; lastKnownFileType = wrapper.scnassets; path = art.scnassets; sourceTree = "<group>"; };
		8C643E451F7A6F280085A542 /* Base */ = {isa = PBXFileReference; lastKnownFileType = file.storyboard; name = Base; path = Base.lproj/Main.storyboard; sourceTree = "<group>"; };
		8C643E471F7A6F280085A542 /* Assets.xcassets */ = {isa = PBXFileReference; lastKnownFileType = folder.assetcatalog; path = Assets.xcassets; sourceTree = "<group>"; };
		8C643E4A1F7A6F280085A542 /* Base */ = {isa = PBXFileReference; lastKnownFileType = file.storyboard; name = Base; path = Base.lproj/LaunchScreen.storyboard; sourceTree = "<group>"; };
		8C643E4C1F7A6F280085A542 /* Info.plist */ = {isa = PBXFileReference; lastKnownFileType = text.plist.xml; path = Info.plist; sourceTree = "<group>"; };
		8C643E4D1F7A6F280085A542 /* main.m */ = {isa = PBXFileReference; lastKnownFileType = sourcecode.c.objc; path = main.m; sourceTree = "<group>"; };
		8C643E541F7A80A10085A542 /* SimpleBoxViewController.h */ = {isa = PBXFileReference; lastKnownFileType = sourcecode.c.h; path = SimpleBoxViewController.h; sourceTree = "<group>"; };
		8C643E551F7A80A10085A542 /* SimpleBoxViewController.m */ = {isa = PBXFileReference; lastKnownFileType = sourcecode.c.objc; path = SimpleBoxViewController.m; sourceTree = "<group>"; };
		8C643E571F7A8A950085A542 /* DisplayingTextViewController.h */ = {isa = PBXFileReference; lastKnownFileType = sourcecode.c.h; path = DisplayingTextViewController.h; sourceTree = "<group>"; };
		8C643E581F7A8A950085A542 /* DisplayingTextViewController.m */ = {isa = PBXFileReference; lastKnownFileType = sourcecode.c.objc; path = DisplayingTextViewController.m; sourceTree = "<group>"; };
		8C643E5A1F7A913C0085A542 /* MultipleObjectsViewController.h */ = {isa = PBXFileReference; lastKnownFileType = sourcecode.c.h; path = MultipleObjectsViewController.h; sourceTree = "<group>"; };
		8C643E5B1F7A913C0085A542 /* MultipleObjectsViewController.m */ = {isa = PBXFileReference; lastKnownFileType = sourcecode.c.objc; path = MultipleObjectsViewController.m; sourceTree = "<group>"; };
		8C643E601F7A948A0085A542 /* bricks.jpeg */ = {isa = PBXFileReference; lastKnownFileType = image.jpeg; path = bricks.jpeg; sourceTree = "<group>"; };
		8C643E611F7A94A20085A542 /* earth.jpg */ = {isa = PBXFileReference; lastKnownFileType = image.jpeg; path = earth.jpg; sourceTree = "<group>"; };
		8C643E691F7A97030085A542 /* SimpleBoxWithTouchViewController.h */ = {isa = PBXFileReference; lastKnownFileType = sourcecode.c.h; path = SimpleBoxWithTouchViewController.h; sourceTree = "<group>"; };
		8C643E6A1F7A97030085A542 /* SimpleBoxWithTouchViewController.m */ = {isa = PBXFileReference; lastKnownFileType = sourcecode.c.objc; path = SimpleBoxWithTouchViewController.m; sourceTree = "<group>"; };
/* End PBXFileReference section */

/* Begin PBXFrameworksBuildPhase section */
		8C643E361F7A6F280085A542 /* Frameworks */ = {
			isa = PBXFrameworksBuildPhase;
			buildActionMask = 2147483647;
			files = (
			);
			runOnlyForDeploymentPostprocessing = 0;
		};
/* End PBXFrameworksBuildPhase section */

/* Begin PBXGroup section */
		8C2A76721F94E5370024E660 /* DetectingPlanes */ = {
			isa = PBXGroup;
			children = (
				8C2A76731F94E5D60024E660 /* DetectingPlanesViewController.h */,
				8C2A76741F94E5D60024E660 /* DetectingPlanesViewController.m */,
			);
			path = DetectingPlanes;
			sourceTree = "<group>";
		};
		8C643E301F7A6F280085A542 = {
			isa = PBXGroup;
			children = (
				8C643E3B1F7A6F280085A542 /* ARKitTutorials */,
				8C643E3A1F7A6F280085A542 /* Products */,
			);
			sourceTree = "<group>";
		};
		8C643E3A1F7A6F280085A542 /* Products */ = {
			isa = PBXGroup;
			children = (
				8C643E391F7A6F280085A542 /* ARKit Tutorials.app */,
			);
			name = Products;
			sourceTree = "<group>";
		};
		8C643E3B1F7A6F280085A542 /* ARKitTutorials */ = {
			isa = PBXGroup;
			children = (
				8C2A76721F94E5370024E660 /* DetectingPlanes */,
				8C643E3C1F7A6F280085A542 /* AppDelegate.h */,
				8C643E3D1F7A6F280085A542 /* AppDelegate.m */,
				8C643E681F7A96E30085A542 /* SimpleBoxWithTouch */,
				8C643E671F7A96B90085A542 /* ARKitTutorials */,
				8C643E5F1F7A946F0085A542 /* SimpleBox */,
				8C643E5E1F7A945D0085A542 /* DisplayingText */,
				8C643E5D1F7A94390085A542 /* MultipleObjects */,
				8C643E3F1F7A6F280085A542 /* art.scnassets */,
				8C643E441F7A6F280085A542 /* Main.storyboard */,
				8C643E471F7A6F280085A542 /* Assets.xcassets */,
				8C643E491F7A6F280085A542 /* LaunchScreen.storyboard */,
				8C643E4C1F7A6F280085A542 /* Info.plist */,
				8C643E4D1F7A6F280085A542 /* main.m */,
			);
			path = ARKitTutorials;
			sourceTree = "<group>";
		};
		8C643E5D1F7A94390085A542 /* MultipleObjects */ = {
			isa = PBXGroup;
			children = (
				8C643E601F7A948A0085A542 /* bricks.jpeg */,
				8C643E611F7A94A20085A542 /* earth.jpg */,
				8C643E5A1F7A913C0085A542 /* MultipleObjectsViewController.h */,
				8C643E5B1F7A913C0085A542 /* MultipleObjectsViewController.m */,
			);
			path = MultipleObjects;
			sourceTree = "<group>";
		};
		8C643E5E1F7A945D0085A542 /* DisplayingText */ = {
			isa = PBXGroup;
			children = (
				8C643E571F7A8A950085A542 /* DisplayingTextViewController.h */,
				8C643E581F7A8A950085A542 /* DisplayingTextViewController.m */,
			);
			path = DisplayingText;
			sourceTree = "<group>";
		};
		8C643E5F1F7A946F0085A542 /* SimpleBox */ = {
			isa = PBXGroup;
			children = (
				8C643E541F7A80A10085A542 /* SimpleBoxViewController.h */,
				8C643E551F7A80A10085A542 /* SimpleBoxViewController.m */,
			);
			path = SimpleBox;
			sourceTree = "<group>";
		};
		8C643E671F7A96B90085A542 /* ARKitTutorials */ = {
			isa = PBXGroup;
			children = (
				8C2A76701F94C62D0024E660 /* ViewController.m */,
				8C2A766F1F94C6260024E660 /* ViewController.h */,
			);
			path = ARKitTutorials;
			sourceTree = "<group>";
		};
		8C643E681F7A96E30085A542 /* SimpleBoxWithTouch */ = {
			isa = PBXGroup;
			children = (
				8C643E691F7A97030085A542 /* SimpleBoxWithTouchViewController.h */,
				8C643E6A1F7A97030085A542 /* SimpleBoxWithTouchViewController.m */,
			);
			path = SimpleBoxWithTouch;
			sourceTree = "<group>";
		};
/* End PBXGroup section */

/* Begin PBXNativeTarget section */
		8C643E381F7A6F280085A542 /* ARKit Tutorials */ = {
			isa = PBXNativeTarget;
			buildConfigurationList = 8C643E511F7A6F280085A542 /* Build configuration list for PBXNativeTarget "ARKit Tutorials" */;
			buildPhases = (
				8C643E351F7A6F280085A542 /* Sources */,
				8C643E361F7A6F280085A542 /* Frameworks */,
				8C643E371F7A6F280085A542 /* Resources */,
			);
			buildRules = (
			);
			dependencies = (
			);
			name = "ARKit Tutorials";
			productName = MeasuringTool;
			productReference = 8C643E391F7A6F280085A542 /* ARKit Tutorials.app */;
			productType = "com.apple.product-type.application";
		};
/* End PBXNativeTarget section */

/* Begin PBXProject section */
		8C643E311F7A6F280085A542 /* Project object */ = {
			isa = PBXProject;
			attributes = {
				LastUpgradeCheck = 0900;
				ORGANIZATIONNAME = NM;
				TargetAttributes = {
					8C643E381F7A6F280085A542 = {
						CreatedOnToolsVersion = 9.0;
						ProvisioningStyle = Automatic;
					};
				};
			};
			buildConfigurationList = 8C643E341F7A6F280085A542 /* Build configuration list for PBXProject "ARKit Tutorials" */;
			compatibilityVersion = "Xcode 8.0";
			developmentRegion = en;
			hasScannedForEncodings = 0;
			knownRegions = (
				en,
				Base,
			);
			mainGroup = 8C643E301F7A6F280085A542;
			productRefGroup = 8C643E3A1F7A6F280085A542 /* Products */;
			projectDirPath = "";
			projectRoot = "";
			targets = (
				8C643E381F7A6F280085A542 /* ARKit Tutorials */,
			);
		};
/* End PBXProject section */

/* Begin PBXResourcesBuildPhase section */
		8C643E371F7A6F280085A542 /* Resources */ = {
			isa = PBXResourcesBuildPhase;
			buildActionMask = 2147483647;
			files = (
				8C643E621F7A956C0085A542 /* bricks.jpeg in Resources */,
				8C643E631F7A956C0085A542 /* earth.jpg in Resources */,
				8C643E401F7A6F280085A542 /* art.scnassets in Resources */,
				8C643E4B1F7A6F280085A542 /* LaunchScreen.storyboard in Resources */,
				8C643E481F7A6F280085A542 /* Assets.xcassets in Resources */,
				8C643E461F7A6F280085A542 /* Main.storyboard in Resources */,
			);
			runOnlyForDeploymentPostprocessing = 0;
		};
/* End PBXResourcesBuildPhase section */

/* Begin PBXSourcesBuildPhase section */
		8C643E351F7A6F280085A542 /* Sources */ = {
			isa = PBXSourcesBuildPhase;
			buildActionMask = 2147483647;
			files = (
				8C643E6B1F7A97030085A542 /* SimpleBoxWithTouchViewController.m in Sources */,
				8C2A76711F94C62D0024E660 /* ViewController.m in Sources */,
				8C643E591F7A8A950085A542 /* DisplayingTextViewController.m in Sources */,
				8C2A76751F94E5D60024E660 /* DetectingPlanesViewController.m in Sources */,
				8C643E4E1F7A6F280085A542 /* main.m in Sources */,
				8C643E561F7A80A10085A542 /* SimpleBoxViewController.m in Sources */,
				8C643E3E1F7A6F280085A542 /* AppDelegate.m in Sources */,
				8C643E5C1F7A913C0085A542 /* MultipleObjectsViewController.m in Sources */,
			);
			runOnlyForDeploymentPostprocessing = 0;
		};
/* End PBXSourcesBuildPhase section */

/* Begin PBXVariantGroup section */
		8C643E441F7A6F280085A542 /* Main.storyboard */ = {
			isa = PBXVariantGroup;
			children = (
				8C643E451F7A6F280085A542 /* Base */,
			);
			name = Main.storyboard;
			sourceTree = "<group>";
		};
		8C643E491F7A6F280085A542 /* LaunchScreen.storyboard */ = {
			isa = PBXVariantGroup;
			children = (
				8C643E4A1F7A6F280085A542 /* Base */,
			);
			name = LaunchScreen.storyboard;
			sourceTree = "<group>";
		};
/* End PBXVariantGroup section */

/* Begin XCBuildConfiguration section */
		8C643E4F1F7A6F280085A542 /* Debug */ = {
			isa = XCBuildConfiguration;
			buildSettings = {
				ALWAYS_SEARCH_USER_PATHS = NO;
				CLANG_ANALYZER_NONNULL = YES;
				CLANG_ANALYZER_NUMBER_OBJECT_CONVERSION = YES_AGGRESSIVE;
				CLANG_CXX_LANGUAGE_STANDARD = "gnu++14";
				CLANG_CXX_LIBRARY = "libc++";
				CLANG_ENABLE_MODULES = YES;
				CLANG_ENABLE_OBJC_ARC = YES;
				CLANG_WARN_BLOCK_CAPTURE_AUTORELEASING = YES;
				CLANG_WARN_BOOL_CONVERSION = YES;
				CLANG_WARN_COMMA = YES;
				CLANG_WARN_CONSTANT_CONVERSION = YES;
				CLANG_WARN_DIRECT_OBJC_ISA_USAGE = YES_ERROR;
				CLANG_WARN_DOCUMENTATION_COMMENTS = YES;
				CLANG_WARN_EMPTY_BODY = YES;
				CLANG_WARN_ENUM_CONVERSION = YES;
				CLANG_WARN_INFINITE_RECURSION = YES;
				CLANG_WARN_INT_CONVERSION = YES;
				CLANG_WARN_NON_LITERAL_NULL_CONVERSION = YES;
				CLANG_WARN_OBJC_LITERAL_CONVERSION = YES;
				CLANG_WARN_OBJC_ROOT_CLASS = YES_ERROR;
				CLANG_WARN_RANGE_LOOP_ANALYSIS = YES;
				CLANG_WARN_STRICT_PROTOTYPES = YES;
				CLANG_WARN_SUSPICIOUS_MOVE = YES;
				CLANG_WARN_UNGUARDED_AVAILABILITY = YES_AGGRESSIVE;
				CLANG_WARN_UNREACHABLE_CODE = YES;
				CLANG_WARN__DUPLICATE_METHOD_MATCH = YES;
				CODE_SIGN_IDENTITY = "iPhone Developer";
				COPY_PHASE_STRIP = NO;
				DEBUG_INFORMATION_FORMAT = dwarf;
				ENABLE_STRICT_OBJC_MSGSEND = YES;
				ENABLE_TESTABILITY = YES;
				GCC_C_LANGUAGE_STANDARD = gnu11;
				GCC_DYNAMIC_NO_PIC = NO;
				GCC_NO_COMMON_BLOCKS = YES;
				GCC_OPTIMIZATION_LEVEL = 0;
				GCC_PREPROCESSOR_DEFINITIONS = (
					"DEBUG=1",
					"$(inherited)",
				);
				GCC_WARN_64_TO_32_BIT_CONVERSION = YES;
				GCC_WARN_ABOUT_RETURN_TYPE = YES_ERROR;
				GCC_WARN_UNDECLARED_SELECTOR = YES;
				GCC_WARN_UNINITIALIZED_AUTOS = YES_AGGRESSIVE;
				GCC_WARN_UNUSED_FUNCTION = YES;
				GCC_WARN_UNUSED_VARIABLE = YES;
				IPHONEOS_DEPLOYMENT_TARGET = 11.0;
				MTL_ENABLE_DEBUG_INFO = YES;
				ONLY_ACTIVE_ARCH = YES;
				SDKROOT = iphoneos;
			};
			name = Debug;
		};
		8C643E501F7A6F280085A542 /* Release */ = {
			isa = XCBuildConfiguration;
			buildSettings = {
				ALWAYS_SEARCH_USER_PATHS = NO;
				CLANG_ANALYZER_NONNULL = YES;
				CLANG_ANALYZER_NUMBER_OBJECT_CONVERSION = YES_AGGRESSIVE;
				CLANG_CXX_LANGUAGE_STANDARD = "gnu++14";
				CLANG_CXX_LIBRARY = "libc++";
				CLANG_ENABLE_MODULES = YES;
				CLANG_ENABLE_OBJC_ARC = YES;
				CLANG_WARN_BLOCK_CAPTURE_AUTORELEASING = YES;
				CLANG_WARN_BOOL_CONVERSION = YES;
				CLANG_WARN_COMMA = YES;
				CLANG_WARN_CONSTANT_CONVERSION = YES;
				CLANG_WARN_DIRECT_OBJC_ISA_USAGE = YES_ERROR;
				CLANG_WARN_DOCUMENTATION_COMMENTS = YES;
				CLANG_WARN_EMPTY_BODY = YES;
				CLANG_WARN_ENUM_CONVERSION = YES;
				CLANG_WARN_INFINITE_RECURSION = YES;
				CLANG_WARN_INT_CONVERSION = YES;
				CLANG_WARN_NON_LITERAL_NULL_CONVERSION = YES;
				CLANG_WARN_OBJC_LITERAL_CONVERSION = YES;
				CLANG_WARN_OBJC_ROOT_CLASS = YES_ERROR;
				CLANG_WARN_RANGE_LOOP_ANALYSIS = YES;
				CLANG_WARN_STRICT_PROTOTYPES = YES;
				CLANG_WARN_SUSPICIOUS_MOVE = YES;
				CLANG_WARN_UNGUARDED_AVAILABILITY = YES_AGGRESSIVE;
				CLANG_WARN_UNREACHABLE_CODE = YES;
				CLANG_WARN__DUPLICATE_METHOD_MATCH = YES;
				CODE_SIGN_IDENTITY = "iPhone Developer";
				COPY_PHASE_STRIP = NO;
				DEBUG_INFORMATION_FORMAT = "dwarf-with-dsym";
				ENABLE_NS_ASSERTIONS = NO;
				ENABLE_STRICT_OBJC_MSGSEND = YES;
				GCC_C_LANGUAGE_STANDARD = gnu11;
				GCC_NO_COMMON_BLOCKS = YES;
				GCC_WARN_64_TO_32_BIT_CONVERSION = YES;
				GCC_WARN_ABOUT_RETURN_TYPE = YES_ERROR;
				GCC_WARN_UNDECLARED_SELECTOR = YES;
				GCC_WARN_UNINITIALIZED_AUTOS = YES_AGGRESSIVE;
				GCC_WARN_UNUSED_FUNCTION = YES;
				GCC_WARN_UNUSED_VARIABLE = YES;
				IPHONEOS_DEPLOYMENT_TARGET = 11.0;
				MTL_ENABLE_DEBUG_INFO = NO;
				SDKROOT = iphoneos;
				VALIDATE_PRODUCT = YES;
			};
			name = Release;
		};
		8C643E521F7A6F280085A542 /* Debug */ = {
			isa = XCBuildConfiguration;
			buildSettings = {
				ASSETCATALOG_COMPILER_APPICON_NAME = AppIcon;
				CODE_SIGN_STYLE = Automatic;
				DEVELOPMENT_TEAM = T24WE95KS9;
				INFOPLIST_FILE = "$(SRCROOT)/ARKitTutorials/Info.plist";
				LD_RUNPATH_SEARCH_PATHS = "$(inherited) @executable_path/Frameworks";
				PRODUCT_BUNDLE_IDENTIFIER = appsandgamesinc.ARKitTutorials;
				PRODUCT_NAME = "$(TARGET_NAME)";
				TARGETED_DEVICE_FAMILY = 1;
			};
			name = Debug;
		};
		8C643E531F7A6F280085A542 /* Release */ = {
			isa = XCBuildConfiguration;
			buildSettings = {
				ASSETCATALOG_COMPILER_APPICON_NAME = AppIcon;
				CODE_SIGN_STYLE = Automatic;
				DEVELOPMENT_TEAM = T24WE95KS9;
				INFOPLIST_FILE = "$(SRCROOT)/ARKitTutorials/Info.plist";
				LD_RUNPATH_SEARCH_PATHS = "$(inherited) @executable_path/Frameworks";
				PRODUCT_BUNDLE_IDENTIFIER = appsandgamesinc.ARKitTutorials;
				PRODUCT_NAME = "$(TARGET_NAME)";
				TARGETED_DEVICE_FAMILY = 1;
			};
			name = Release;
		};
/* End XCBuildConfiguration section */

/* Begin XCConfigurationList section */
		8C643E341F7A6F280085A542 /* Build configuration list for PBXProject "ARKit Tutorials" */ = {
			isa = XCConfigurationList;
			buildConfigurations = (
				8C643E4F1F7A6F280085A542 /* Debug */,
				8C643E501F7A6F280085A542 /* Release */,
			);
			defaultConfigurationIsVisible = 0;
			defaultConfigurationName = Release;
		};
		8C643E511F7A6F280085A542 /* Build configuration list for PBXNativeTarget "ARKit Tutorials" */ = {
			isa = XCConfigurationList;
			buildConfigurations = (
				8C643E521F7A6F280085A542 /* Debug */,
				8C643E531F7A6F280085A542 /* Release */,
			);
			defaultConfigurationIsVisible = 0;
			defaultConfigurationName = Release;
		};
/* End XCConfigurationList section */
	};
	rootObject = 8C643E311F7A6F280085A542 /* Project object */;
}
